{
  "originHash" : "dfbfdddcdb49803bd3a0fb5311485a8b09b1f39190335bf54c15c39a62512fa9",
  "pins" : [
    {
      "identity" : "meditationplayer",
      "kind" : "remoteSourceControl",
      "location" : "https://github.com/VasilyPolyuhovich/MeditationPlayer",
      "state" : {
        "branch" : "main",
        "revision" : "24db1e457d141464d3d30758f24636de7df24b42"
      }
    }
  ],
  "version" : 3
}
